
Microsoft Visual Studio Solution File, Format Version 12.00
# Visual Studio 14
VisualStudioVersion = 14.0.25123.0
MinimumVisualStudioVersion = 10.0.40219.1
Project("{FAE04EC0-301F-11D3-BF4B-00C04F79EFBC}") = "Project_E.Droid", "Project E\Project_E.Droid\Project_E.Droid.csproj", "{29C579FA-EB0C-4CBA-9373-5E772E185A04}"
EndProject
Project("{FAE04EC0-301F-11D3-BF4B-00C04F79EFBC}") = "Project_E.iOS", "Project E\Project_E.iOS\Project_E.iOS.csproj", "{44A4C0DC-39EC-411D-B259-C241831DE2B7}"
EndProject
Project("{FAE04EC0-301F-11D3-BF4B-00C04F79EFBC}") = "Project_E.WinPhone", "Project E\Project_E.WinPhone\Project_E.WinPhone.csproj", "{1F947B6D-BD9B-4893-B14E-58E8442E897D}"
EndProject
Project("{FAE04EC0-301F-11D3-BF4B-00C04F79EFBC}") = "Project_E.UWP", "Project E\Project_E.UWP\Project_E.UWP.csproj", "{217A798E-2D37-4E93-AFC6-85ADBAAB0D75}"
EndProject
Project("{FAE04EC0-301F-11D3-BF4B-00C04F79EFBC}") = "Project_E.Windows", "Project E\Project_E.Windows\Project_E.Windows.csproj", "{0132E405-DCB2-4DC4-82B9-0B629DF0CF77}"
EndProject
Project("{FAE04EC0-301F-11D3-BF4B-00C04F79EFBC}") = "Project_E", "Project E\Project_E\Project_E.csproj", "{21E3EC13-8FC4-49A7-9A4C-EE14F6CB24F3}"
EndProject
Global
	GlobalSection(SolutionConfigurationPlatforms) = preSolution
		Ad-Hoc|Any CPU = Ad-Hoc|Any CPU
		Ad-Hoc|ARM = Ad-Hoc|ARM
		Ad-Hoc|iPhone = Ad-Hoc|iPhone
		Ad-Hoc|iPhoneSimulator = Ad-Hoc|iPhoneSimulator
		Ad-Hoc|x64 = Ad-Hoc|x64
		Ad-Hoc|x86 = Ad-Hoc|x86
		AppStore|Any CPU = AppStore|Any CPU
		AppStore|ARM = AppStore|ARM
		AppStore|iPhone = AppStore|iPhone
		AppStore|iPhoneSimulator = AppStore|iPhoneSimulator
		AppStore|x64 = AppStore|x64
		AppStore|x86 = AppStore|x86
		Debug|Any CPU = Debug|Any CPU
		Debug|ARM = Debug|ARM
		Debug|iPhone = Debug|iPhone
		Debug|iPhoneSimulator = Debug|iPhoneSimulator
		Debug|x64 = Debug|x64
		Debug|x86 = Debug|x86
		Release|Any CPU = Release|Any CPU
		Release|ARM = Release|ARM
		Release|iPhone = Release|iPhone
		Release|iPhoneSimulator = Release|iPhoneSimulator
		Release|x64 = Release|x64
		Release|x86 = Release|x86
	EndGlobalSection
	GlobalSection(ProjectConfigurationPlatforms) = postSolution
		{29C579FA-EB0C-4CBA-9373-5E772E185A04}.Ad-Hoc|Any CPU.ActiveCfg = Release|Any CPU
		{29C579FA-EB0C-4CBA-9373-5E772E185A04}.Ad-Hoc|Any CPU.Build.0 = Release|Any CPU
		{29C579FA-EB0C-4CBA-9373-5E772E185A04}.Ad-Hoc|Any CPU.Deploy.0 = Release|Any CPU
		{29C579FA-EB0C-4CBA-9373-5E772E185A04}.Ad-Hoc|ARM.ActiveCfg = Release|Any CPU
		{29C579FA-EB0C-4CBA-9373-5E772E185A04}.Ad-Hoc|ARM.Build.0 = Release|Any CPU
		{29C579FA-EB0C-4CBA-9373-5E772E185A04}.Ad-Hoc|ARM.Deploy.0 = Release|Any CPU
		{29C579FA-EB0C-4CBA-9373-5E772E185A04}.Ad-Hoc|iPhone.ActiveCfg = Release|Any CPU
		{29C579FA-EB0C-4CBA-9373-5E772E185A04}.Ad-Hoc|iPhone.Build.0 = Release|Any CPU
		{29C579FA-EB0C-4CBA-9373-5E772E185A04}.Ad-Hoc|iPhone.Deploy.0 = Release|Any CPU
		{29C579FA-EB0C-4CBA-9373-5E772E185A04}.Ad-Hoc|iPhoneSimulator.ActiveCfg = Release|Any CPU
		{29C579FA-EB0C-4CBA-9373-5E772E185A04}.Ad-Hoc|iPhoneSimulator.Build.0 = Release|Any CPU
		{29C579FA-EB0C-4CBA-9373-5E772E185A04}.Ad-Hoc|iPhoneSimulator.Deploy.0 = Release|Any CPU
		{29C579FA-EB0C-4CBA-9373-5E772E185A04}.Ad-Hoc|x64.ActiveCfg = Release|Any CPU
		{29C579FA-EB0C-4CBA-9373-5E772E185A04}.Ad-Hoc|x64.Build.0 = Release|Any CPU
		{29C579FA-EB0C-4CBA-9373-5E772E185A04}.Ad-Hoc|x64.Deploy.0 = Release|Any CPU
		{29C579FA-EB0C-4CBA-9373-5E772E185A04}.Ad-Hoc|x86.ActiveCfg = Release|Any CPU
		{29C579FA-EB0C-4CBA-9373-5E772E185A04}.Ad-Hoc|x86.Build.0 = Release|Any CPU
		{29C579FA-EB0C-4CBA-9373-5E772E185A04}.Ad-Hoc|x86.Deploy.0 = Release|Any CPU
		{29C579FA-EB0C-4CBA-9373-5E772E185A04}.AppStore|Any CPU.ActiveCfg = Release|Any CPU
		{29C579FA-EB0C-4CBA-9373-5E772E185A04}.AppStore|Any CPU.Build.0 = Release|Any CPU
		{29C579FA-EB0C-4CBA-9373-5E772E185A04}.AppStore|Any CPU.Deploy.0 = Release|Any CPU
		{29C579FA-EB0C-4CBA-9373-5E772E185A04}.AppStore|ARM.ActiveCfg = Release|Any CPU
		{29C579FA-EB0C-4CBA-9373-5E772E185A04}.AppStore|ARM.Build.0 = Release|Any CPU
		{29C579FA-EB0C-4CBA-9373-5E772E185A04}.AppStore|ARM.Deploy.0 = Release|Any CPU
		{29C579FA-EB0C-4CBA-9373-5E772E185A04}.AppStore|iPhone.ActiveCfg = Release|Any CPU
		{29C579FA-EB0C-4CBA-9373-5E772E185A04}.AppStore|iPhone.Build.0 = Release|Any CPU
		{29C579FA-EB0C-4CBA-9373-5E772E185A04}.AppStore|iPhone.Deploy.0 = Release|Any CPU
		{29C579FA-EB0C-4CBA-9373-5E772E185A04}.AppStore|iPhoneSimulator.ActiveCfg = Release|Any CPU
		{29C579FA-EB0C-4CBA-9373-5E772E185A04}.AppStore|iPhoneSimulator.Build.0 = Release|Any CPU
		{29C579FA-EB0C-4CBA-9373-5E772E185A04}.AppStore|iPhoneSimulator.Deploy.0 = Release|Any CPU
		{29C579FA-EB0C-4CBA-9373-5E772E185A04}.AppStore|x64.ActiveCfg = Release|Any CPU
		{29C579FA-EB0C-4CBA-9373-5E772E185A04}.AppStore|x64.Build.0 = Release|Any CPU
		{29C579FA-EB0C-4CBA-9373-5E772E185A04}.AppStore|x64.Deploy.0 = Release|Any CPU
		{29C579FA-EB0C-4CBA-9373-5E772E185A04}.AppStore|x86.ActiveCfg = Release|Any CPU
		{29C579FA-EB0C-4CBA-9373-5E772E185A04}.AppStore|x86.Build.0 = Release|Any CPU
		{29C579FA-EB0C-4CBA-9373-5E772E185A04}.AppStore|x86.Deploy.0 = Release|Any CPU
		{29C579FA-EB0C-4CBA-9373-5E772E185A04}.Debug|Any CPU.ActiveCfg = Debug|Any CPU
		{29C579FA-EB0C-4CBA-9373-5E772E185A04}.Debug|Any CPU.Build.0 = Debug|Any CPU
		{29C579FA-EB0C-4CBA-9373-5E772E185A04}.Debug|Any CPU.Deploy.0 = Debug|Any CPU
		{29C579FA-EB0C-4CBA-9373-5E772E185A04}.Debug|ARM.ActiveCfg = Debug|Any CPU
		{29C579FA-EB0C-4CBA-9373-5E772E185A04}.Debug|ARM.Build.0 = Debug|Any CPU
		{29C579FA-EB0C-4CBA-9373-5E772E185A04}.Debug|ARM.Deploy.0 = Debug|Any CPU
		{29C579FA-EB0C-4CBA-9373-5E772E185A04}.Debug|iPhone.ActiveCfg = Debug|Any CPU
		{29C579FA-EB0C-4CBA-9373-5E772E185A04}.Debug|iPhone.Build.0 = Debug|Any CPU
		{29C579FA-EB0C-4CBA-9373-5E772E185A04}.Debug|iPhone.Deploy.0 = Debug|Any CPU
		{29C579FA-EB0C-4CBA-9373-5E772E185A04}.Debug|iPhoneSimulator.ActiveCfg = Debug|Any CPU
		{29C579FA-EB0C-4CBA-9373-5E772E185A04}.Debug|iPhoneSimulator.Build.0 = Debug|Any CPU
		{29C579FA-EB0C-4CBA-9373-5E772E185A04}.Debug|iPhoneSimulator.Deploy.0 = Debug|Any CPU
		{29C579FA-EB0C-4CBA-9373-5E772E185A04}.Debug|x64.ActiveCfg = Debug|Any CPU
		{29C579FA-EB0C-4CBA-9373-5E772E185A04}.Debug|x64.Build.0 = Debug|Any CPU
		{29C579FA-EB0C-4CBA-9373-5E772E185A04}.Debug|x64.Deploy.0 = Debug|Any CPU
		{29C579FA-EB0C-4CBA-9373-5E772E185A04}.Debug|x86.ActiveCfg = Debug|Any CPU
		{29C579FA-EB0C-4CBA-9373-5E772E185A04}.Debug|x86.Build.0 = Debug|Any CPU
		{29C579FA-EB0C-4CBA-9373-5E772E185A04}.Debug|x86.Deploy.0 = Debug|Any CPU
		{29C579FA-EB0C-4CBA-9373-5E772E185A04}.Release|Any CPU.ActiveCfg = Release|Any CPU
		{29C579FA-EB0C-4CBA-9373-5E772E185A04}.Release|Any CPU.Build.0 = Release|Any CPU
		{29C579FA-EB0C-4CBA-9373-5E772E185A04}.Release|Any CPU.Deploy.0 = Release|Any CPU
		{29C579FA-EB0C-4CBA-9373-5E772E185A04}.Release|ARM.ActiveCfg = Release|Any CPU
		{29C579FA-EB0C-4CBA-9373-5E772E185A04}.Release|ARM.Build.0 = Release|Any CPU
		{29C579FA-EB0C-4CBA-9373-5E772E185A04}.Release|ARM.Deploy.0 = Release|Any CPU
		{29C579FA-EB0C-4CBA-9373-5E772E185A04}.Release|iPhone.ActiveCfg = Release|Any CPU
		{29C579FA-EB0C-4CBA-9373-5E772E185A04}.Release|iPhone.Build.0 = Release|Any CPU
		{29C579FA-EB0C-4CBA-9373-5E772E185A04}.Release|iPhone.Deploy.0 = Release|Any CPU
		{29C579FA-EB0C-4CBA-9373-5E772E185A04}.Release|iPhoneSimulator.ActiveCfg = Release|Any CPU
		{29C579FA-EB0C-4CBA-9373-5E772E185A04}.Release|iPhoneSimulator.Build.0 = Release|Any CPU
		{29C579FA-EB0C-4CBA-9373-5E772E185A04}.Release|iPhoneSimulator.Deploy.0 = Release|Any CPU
		{29C579FA-EB0C-4CBA-9373-5E772E185A04}.Release|x64.ActiveCfg = Release|Any CPU
		{29C579FA-EB0C-4CBA-9373-5E772E185A04}.Release|x64.Build.0 = Release|Any CPU
		{29C579FA-EB0C-4CBA-9373-5E772E185A04}.Release|x64.Deploy.0 = Release|Any CPU
		{29C579FA-EB0C-4CBA-9373-5E772E185A04}.Release|x86.ActiveCfg = Release|Any CPU
		{29C579FA-EB0C-4CBA-9373-5E772E185A04}.Release|x86.Build.0 = Release|Any CPU
		{29C579FA-EB0C-4CBA-9373-5E772E185A04}.Release|x86.Deploy.0 = Release|Any CPU
		{44A4C0DC-39EC-411D-B259-C241831DE2B7}.Ad-Hoc|Any CPU.ActiveCfg = Ad-Hoc|iPhone
		{44A4C0DC-39EC-411D-B259-C241831DE2B7}.Ad-Hoc|ARM.ActiveCfg = Ad-Hoc|iPhone
		{44A4C0DC-39EC-411D-B259-C241831DE2B7}.Ad-Hoc|iPhone.ActiveCfg = Ad-Hoc|iPhone
		{44A4C0DC-39EC-411D-B259-C241831DE2B7}.Ad-Hoc|iPhone.Build.0 = Ad-Hoc|iPhone
		{44A4C0DC-39EC-411D-B259-C241831DE2B7}.Ad-Hoc|iPhoneSimulator.ActiveCfg = Ad-Hoc|iPhoneSimulator
		{44A4C0DC-39EC-411D-B259-C241831DE2B7}.Ad-Hoc|iPhoneSimulator.Build.0 = Ad-Hoc|iPhoneSimulator
		{44A4C0DC-39EC-411D-B259-C241831DE2B7}.Ad-Hoc|x64.ActiveCfg = Ad-Hoc|iPhone
		{44A4C0DC-39EC-411D-B259-C241831DE2B7}.Ad-Hoc|x86.ActiveCfg = Ad-Hoc|iPhone
		{44A4C0DC-39EC-411D-B259-C241831DE2B7}.AppStore|Any CPU.ActiveCfg = AppStore|iPhone
		{44A4C0DC-39EC-411D-B259-C241831DE2B7}.AppStore|ARM.ActiveCfg = AppStore|iPhone
		{44A4C0DC-39EC-411D-B259-C241831DE2B7}.AppStore|iPhone.ActiveCfg = AppStore|iPhone
		{44A4C0DC-39EC-411D-B259-C241831DE2B7}.AppStore|iPhone.Build.0 = AppStore|iPhone
		{44A4C0DC-39EC-411D-B259-C241831DE2B7}.AppStore|iPhoneSimulator.ActiveCfg = AppStore|iPhoneSimulator
		{44A4C0DC-39EC-411D-B259-C241831DE2B7}.AppStore|iPhoneSimulator.Build.0 = AppStore|iPhoneSimulator
		{44A4C0DC-39EC-411D-B259-C241831DE2B7}.AppStore|x64.ActiveCfg = AppStore|iPhone
		{44A4C0DC-39EC-411D-B259-C241831DE2B7}.AppStore|x86.ActiveCfg = AppStore|iPhone
		{44A4C0DC-39EC-411D-B259-C241831DE2B7}.Debug|Any CPU.ActiveCfg = Debug|iPhone
		{44A4C0DC-39EC-411D-B259-C241831DE2B7}.Debug|ARM.ActiveCfg = Debug|iPhone
		{44A4C0DC-39EC-411D-B259-C241831DE2B7}.Debug|iPhone.ActiveCfg = Debug|iPhone
		{44A4C0DC-39EC-411D-B259-C241831DE2B7}.Debug|iPhone.Build.0 = Debug|iPhone
		{44A4C0DC-39EC-411D-B259-C241831DE2B7}.Debug|iPhoneSimulator.ActiveCfg = Debug|iPhoneSimulator
		{44A4C0DC-39EC-411D-B259-C241831DE2B7}.Debug|iPhoneSimulator.Build.0 = Debug|iPhoneSimulator
		{44A4C0DC-39EC-411D-B259-C241831DE2B7}.Debug|x64.ActiveCfg = Debug|iPhone
		{44A4C0DC-39EC-411D-B259-C241831DE2B7}.Debug|x86.ActiveCfg = Debug|iPhone
		{44A4C0DC-39EC-411D-B259-C241831DE2B7}.Release|Any CPU.ActiveCfg = Release|iPhone
		{44A4C0DC-39EC-411D-B259-C241831DE2B7}.Release|ARM.ActiveCfg = Release|iPhone
		{44A4C0DC-39EC-411D-B259-C241831DE2B7}.Release|iPhone.ActiveCfg = Release|iPhone
		{44A4C0DC-39EC-411D-B259-C241831DE2B7}.Release|iPhone.Build.0 = Release|iPhone
		{44A4C0DC-39EC-411D-B259-C241831DE2B7}.Release|iPhoneSimulator.ActiveCfg = Release|iPhoneSimulator
		{44A4C0DC-39EC-411D-B259-C241831DE2B7}.Release|iPhoneSimulator.Build.0 = Release|iPhoneSimulator
		{44A4C0DC-39EC-411D-B259-C241831DE2B7}.Release|x64.ActiveCfg = Release|iPhone
		{44A4C0DC-39EC-411D-B259-C241831DE2B7}.Release|x86.ActiveCfg = Release|iPhone
		{1F947B6D-BD9B-4893-B14E-58E8442E897D}.Ad-Hoc|Any CPU.ActiveCfg = Release|Any CPU
		{1F947B6D-BD9B-4893-B14E-58E8442E897D}.Ad-Hoc|Any CPU.Build.0 = Release|Any CPU
		{1F947B6D-BD9B-4893-B14E-58E8442E897D}.Ad-Hoc|Any CPU.Deploy.0 = Release|Any CPU
		{1F947B6D-BD9B-4893-B14E-58E8442E897D}.Ad-Hoc|ARM.ActiveCfg = Release|ARM
		{1F947B6D-BD9B-4893-B14E-58E8442E897D}.Ad-Hoc|ARM.Build.0 = Release|ARM
		{1F947B6D-BD9B-4893-B14E-58E8442E897D}.Ad-Hoc|ARM.Deploy.0 = Release|ARM
		{1F947B6D-BD9B-4893-B14E-58E8442E897D}.Ad-Hoc|iPhone.ActiveCfg = Release|Any CPU
		{1F947B6D-BD9B-4893-B14E-58E8442E897D}.Ad-Hoc|iPhone.Build.0 = Release|Any CPU
		{1F947B6D-BD9B-4893-B14E-58E8442E897D}.Ad-Hoc|iPhone.Deploy.0 = Release|Any CPU
		{1F947B6D-BD9B-4893-B14E-58E8442E897D}.Ad-Hoc|iPhoneSimulator.ActiveCfg = Release|Any CPU
		{1F947B6D-BD9B-4893-B14E-58E8442E897D}.Ad-Hoc|iPhoneSimulator.Build.0 = Release|Any CPU
		{1F947B6D-BD9B-4893-B14E-58E8442E897D}.Ad-Hoc|iPhoneSimulator.Deploy.0 = Release|Any CPU
		{1F947B6D-BD9B-4893-B14E-58E8442E897D}.Ad-Hoc|x64.ActiveCfg = Release|Any CPU
		{1F947B6D-BD9B-4893-B14E-58E8442E897D}.Ad-Hoc|x64.Build.0 = Release|Any CPU
		{1F947B6D-BD9B-4893-B14E-58E8442E897D}.Ad-Hoc|x64.Deploy.0 = Release|Any CPU
		{1F947B6D-BD9B-4893-B14E-58E8442E897D}.Ad-Hoc|x86.ActiveCfg = Release|x86
		{1F947B6D-BD9B-4893-B14E-58E8442E897D}.Ad-Hoc|x86.Build.0 = Release|x86
		{1F947B6D-BD9B-4893-B14E-58E8442E897D}.Ad-Hoc|x86.Deploy.0 = Release|x86
		{1F947B6D-BD9B-4893-B14E-58E8442E897D}.AppStore|Any CPU.ActiveCfg = Release|Any CPU
		{1F947B6D-BD9B-4893-B14E-58E8442E897D}.AppStore|Any CPU.Build.0 = Release|Any CPU
		{1F947B6D-BD9B-4893-B14E-58E8442E897D}.AppStore|Any CPU.Deploy.0 = Release|Any CPU
		{1F947B6D-BD9B-4893-B14E-58E8442E897D}.AppStore|ARM.ActiveCfg = Release|ARM
		{1F947B6D-BD9B-4893-B14E-58E8442E897D}.AppStore|ARM.Build.0 = Release|ARM
		{1F947B6D-BD9B-4893-B14E-58E8442E897D}.AppStore|ARM.Deploy.0 = Release|ARM
		{1F947B6D-BD9B-4893-B14E-58E8442E897D}.AppStore|iPhone.ActiveCfg = Release|Any CPU
		{1F947B6D-BD9B-4893-B14E-58E8442E897D}.AppStore|iPhone.Build.0 = Release|Any CPU
		{1F947B6D-BD9B-4893-B14E-58E8442E897D}.AppStore|iPhone.Deploy.0 = Release|Any CPU
		{1F947B6D-BD9B-4893-B14E-58E8442E897D}.AppStore|iPhoneSimulator.ActiveCfg = Release|Any CPU
		{1F947B6D-BD9B-4893-B14E-58E8442E897D}.AppStore|iPhoneSimulator.Build.0 = Release|Any CPU
		{1F947B6D-BD9B-4893-B14E-58E8442E897D}.AppStore|iPhoneSimulator.Deploy.0 = Release|Any CPU
		{1F947B6D-BD9B-4893-B14E-58E8442E897D}.AppStore|x64.ActiveCfg = Release|Any CPU
		{1F947B6D-BD9B-4893-B14E-58E8442E897D}.AppStore|x64.Build.0 = Release|Any CPU
		{1F947B6D-BD9B-4893-B14E-58E8442E897D}.AppStore|x64.Deploy.0 = Release|Any CPU
		{1F947B6D-BD9B-4893-B14E-58E8442E897D}.AppStore|x86.ActiveCfg = Release|x86
		{1F947B6D-BD9B-4893-B14E-58E8442E897D}.AppStore|x86.Build.0 = Release|x86
		{1F947B6D-BD9B-4893-B14E-58E8442E897D}.AppStore|x86.Deploy.0 = Release|x86
		{1F947B6D-BD9B-4893-B14E-58E8442E897D}.Debug|Any CPU.ActiveCfg = Debug|Any CPU
		{1F947B6D-BD9B-4893-B14E-58E8442E897D}.Debug|Any CPU.Build.0 = Debug|Any CPU
		{1F947B6D-BD9B-4893-B14E-58E8442E897D}.Debug|Any CPU.Deploy.0 = Debug|Any CPU
		{1F947B6D-BD9B-4893-B14E-58E8442E897D}.Debug|ARM.ActiveCfg = Debug|ARM
		{1F947B6D-BD9B-4893-B14E-58E8442E897D}.Debug|ARM.Build.0 = Debug|ARM
		{1F947B6D-BD9B-4893-B14E-58E8442E897D}.Debug|ARM.Deploy.0 = Debug|ARM
		{1F947B6D-BD9B-4893-B14E-58E8442E897D}.Debug|iPhone.ActiveCfg = Debug|Any CPU
		{1F947B6D-BD9B-4893-B14E-58E8442E897D}.Debug|iPhone.Build.0 = Debug|Any CPU
		{1F947B6D-BD9B-4893-B14E-58E8442E897D}.Debug|iPhone.Deploy.0 = Debug|Any CPU
		{1F947B6D-BD9B-4893-B14E-58E8442E897D}.Debug|iPhoneSimulator.ActiveCfg = Debug|Any CPU
		{1F947B6D-BD9B-4893-B14E-58E8442E897D}.Debug|iPhoneSimulator.Build.0 = Debug|Any CPU
		{1F947B6D-BD9B-4893-B14E-58E8442E897D}.Debug|iPhoneSimulator.Deploy.0 = Debug|Any CPU
		{1F947B6D-BD9B-4893-B14E-58E8442E897D}.Debug|x64.ActiveCfg = Debug|Any CPU
		{1F947B6D-BD9B-4893-B14E-58E8442E897D}.Debug|x64.Build.0 = Debug|Any CPU
		{1F947B6D-BD9B-4893-B14E-58E8442E897D}.Debug|x64.Deploy.0 = Debug|Any CPU
		{1F947B6D-BD9B-4893-B14E-58E8442E897D}.Debug|x86.ActiveCfg = Debug|x86
		{1F947B6D-BD9B-4893-B14E-58E8442E897D}.Debug|x86.Build.0 = Debug|x86
		{1F947B6D-BD9B-4893-B14E-58E8442E897D}.Debug|x86.Deploy.0 = Debug|x86
		{1F947B6D-BD9B-4893-B14E-58E8442E897D}.Release|Any CPU.ActiveCfg = Release|Any CPU
		{1F947B6D-BD9B-4893-B14E-58E8442E897D}.Release|Any CPU.Build.0 = Release|Any CPU
		{1F947B6D-BD9B-4893-B14E-58E8442E897D}.Release|Any CPU.Deploy.0 = Release|Any CPU
		{1F947B6D-BD9B-4893-B14E-58E8442E897D}.Release|ARM.ActiveCfg = Release|ARM
		{1F947B6D-BD9B-4893-B14E-58E8442E897D}.Release|ARM.Build.0 = Release|ARM
		{1F947B6D-BD9B-4893-B14E-58E8442E897D}.Release|ARM.Deploy.0 = Release|ARM
		{1F947B6D-BD9B-4893-B14E-58E8442E897D}.Release|iPhone.ActiveCfg = Release|Any CPU
		{1F947B6D-BD9B-4893-B14E-58E8442E897D}.Release|iPhone.Build.0 = Release|Any CPU
		{1F947B6D-BD9B-4893-B14E-58E8442E897D}.Release|iPhone.Deploy.0 = Release|Any CPU
		{1F947B6D-BD9B-4893-B14E-58E8442E897D}.Release|iPhoneSimulator.ActiveCfg = Release|Any CPU
		{1F947B6D-BD9B-4893-B14E-58E8442E897D}.Release|iPhoneSimulator.Build.0 = Release|Any CPU
		{1F947B6D-BD9B-4893-B14E-58E8442E897D}.Release|iPhoneSimulator.Deploy.0 = Release|Any CPU
		{1F947B6D-BD9B-4893-B14E-58E8442E897D}.Release|x64.ActiveCfg = Release|Any CPU
		{1F947B6D-BD9B-4893-B14E-58E8442E897D}.Release|x64.Build.0 = Release|Any CPU
		{1F947B6D-BD9B-4893-B14E-58E8442E897D}.Release|x64.Deploy.0 = Release|Any CPU
		{1F947B6D-BD9B-4893-B14E-58E8442E897D}.Release|x86.ActiveCfg = Release|x86
		{1F947B6D-BD9B-4893-B14E-58E8442E897D}.Release|x86.Build.0 = Release|x86
		{1F947B6D-BD9B-4893-B14E-58E8442E897D}.Release|x86.Deploy.0 = Release|x86
		{217A798E-2D37-4E93-AFC6-85ADBAAB0D75}.Ad-Hoc|Any CPU.ActiveCfg = Release|x86
		{217A798E-2D37-4E93-AFC6-85ADBAAB0D75}.Ad-Hoc|Any CPU.Build.0 = Release|x86
		{217A798E-2D37-4E93-AFC6-85ADBAAB0D75}.Ad-Hoc|Any CPU.Deploy.0 = Release|x86
		{217A798E-2D37-4E93-AFC6-85ADBAAB0D75}.Ad-Hoc|ARM.ActiveCfg = Release|ARM
		{217A798E-2D37-4E93-AFC6-85ADBAAB0D75}.Ad-Hoc|ARM.Build.0 = Release|ARM
		{217A798E-2D37-4E93-AFC6-85ADBAAB0D75}.Ad-Hoc|ARM.Deploy.0 = Release|ARM
		{217A798E-2D37-4E93-AFC6-85ADBAAB0D75}.Ad-Hoc|iPhone.ActiveCfg = Release|x86
		{217A798E-2D37-4E93-AFC6-85ADBAAB0D75}.Ad-Hoc|iPhone.Build.0 = Release|x86
		{217A798E-2D37-4E93-AFC6-85ADBAAB0D75}.Ad-Hoc|iPhone.Deploy.0 = Release|x86
		{217A798E-2D37-4E93-AFC6-85ADBAAB0D75}.Ad-Hoc|iPhoneSimulator.ActiveCfg = Release|x86
		{217A798E-2D37-4E93-AFC6-85ADBAAB0D75}.Ad-Hoc|iPhoneSimulator.Build.0 = Release|x86
		{217A798E-2D37-4E93-AFC6-85ADBAAB0D75}.Ad-Hoc|iPhoneSimulator.Deploy.0 = Release|x86
		{217A798E-2D37-4E93-AFC6-85ADBAAB0D75}.Ad-Hoc|x64.ActiveCfg = Release|x64
		{217A798E-2D37-4E93-AFC6-85ADBAAB0D75}.Ad-Hoc|x64.Build.0 = Release|x64
		{217A798E-2D37-4E93-AFC6-85ADBAAB0D75}.Ad-Hoc|x64.Deploy.0 = Release|x64
		{217A798E-2D37-4E93-AFC6-85ADBAAB0D75}.Ad-Hoc|x86.ActiveCfg = Release|x86
		{217A798E-2D37-4E93-AFC6-85ADBAAB0D75}.Ad-Hoc|x86.Build.0 = Release|x86
		{217A798E-2D37-4E93-AFC6-85ADBAAB0D75}.Ad-Hoc|x86.Deploy.0 = Release|x86
		{217A798E-2D37-4E93-AFC6-85ADBAAB0D75}.AppStore|Any CPU.ActiveCfg = Release|x86
		{217A798E-2D37-4E93-AFC6-85ADBAAB0D75}.AppStore|Any CPU.Build.0 = Release|x86
		{217A798E-2D37-4E93-AFC6-85ADBAAB0D75}.AppStore|Any CPU.Deploy.0 = Release|x86
		{217A798E-2D37-4E93-AFC6-85ADBAAB0D75}.AppStore|ARM.ActiveCfg = Release|ARM
		{217A798E-2D37-4E93-AFC6-85ADBAAB0D75}.AppStore|ARM.Build.0 = Release|ARM
		{217A798E-2D37-4E93-AFC6-85ADBAAB0D75}.AppStore|ARM.Deploy.0 = Release|ARM
		{217A798E-2D37-4E93-AFC6-85ADBAAB0D75}.AppStore|iPhone.ActiveCfg = Release|x86
		{217A798E-2D37-4E93-AFC6-85ADBAAB0D75}.AppStore|iPhone.Build.0 = Release|x86
		{217A798E-2D37-4E93-AFC6-85ADBAAB0D75}.AppStore|iPhone.Deploy.0 = Release|x86
		{217A798E-2D37-4E93-AFC6-85ADBAAB0D75}.AppStore|iPhoneSimulator.ActiveCfg = Release|x86
		{217A798E-2D37-4E93-AFC6-85ADBAAB0D75}.AppStore|iPhoneSimulator.Build.0 = Release|x86
		{217A798E-2D37-4E93-AFC6-85ADBAAB0D75}.AppStore|iPhoneSimulator.Deploy.0 = Release|x86
		{217A798E-2D37-4E93-AFC6-85ADBAAB0D75}.AppStore|x64.ActiveCfg = Release|x64
		{217A798E-2D37-4E93-AFC6-85ADBAAB0D75}.AppStore|x64.Build.0 = Release|x64
		{217A798E-2D37-4E93-AFC6-85ADBAAB0D75}.AppStore|x64.Deploy.0 = Release|x64
		{217A798E-2D37-4E93-AFC6-85ADBAAB0D75}.AppStore|x86.ActiveCfg = Release|x86
		{217A798E-2D37-4E93-AFC6-85ADBAAB0D75}.AppStore|x86.Build.0 = Release|x86
		{217A798E-2D37-4E93-AFC6-85ADBAAB0D75}.AppStore|x86.Deploy.0 = Release|x86
		{217A798E-2D37-4E93-AFC6-85ADBAAB0D75}.Debug|Any CPU.ActiveCfg = Debug|x86
		{217A798E-2D37-4E93-AFC6-85ADBAAB0D75}.Debug|ARM.ActiveCfg = Debug|ARM
		{217A798E-2D37-4E93-AFC6-85ADBAAB0D75}.Debug|ARM.Build.0 = Debug|ARM
		{217A798E-2D37-4E93-AFC6-85ADBAAB0D75}.Debug|ARM.Deploy.0 = Debug|ARM
		{217A798E-2D37-4E93-AFC6-85ADBAAB0D75}.Debug|iPhone.ActiveCfg = Debug|x86
		{217A798E-2D37-4E93-AFC6-85ADBAAB0D75}.Debug|iPhoneSimulator.ActiveCfg = Debug|x86
		{217A798E-2D37-4E93-AFC6-85ADBAAB0D75}.Debug|x64.ActiveCfg = Debug|x64
		{217A798E-2D37-4E93-AFC6-85ADBAAB0D75}.Debug|x64.Build.0 = Debug|x64
		{217A798E-2D37-4E93-AFC6-85ADBAAB0D75}.Debug|x64.Deploy.0 = Debug|x64
		{217A798E-2D37-4E93-AFC6-85ADBAAB0D75}.Debug|x86.ActiveCfg = Debug|x86
		{217A798E-2D37-4E93-AFC6-85ADBAAB0D75}.Debug|x86.Build.0 = Debug|x86
		{217A798E-2D37-4E93-AFC6-85ADBAAB0D75}.Debug|x86.Deploy.0 = Debug|x86
		{217A798E-2D37-4E93-AFC6-85ADBAAB0D75}.Release|Any CPU.ActiveCfg = Release|x86
		{217A798E-2D37-4E93-AFC6-85ADBAAB0D75}.Release|ARM.ActiveCfg = Release|ARM
		{217A798E-2D37-4E93-AFC6-85ADBAAB0D75}.Release|ARM.Build.0 = Release|ARM
		{217A798E-2D37-4E93-AFC6-85ADBAAB0D75}.Release|ARM.Deploy.0 = Release|ARM
		{217A798E-2D37-4E93-AFC6-85ADBAAB0D75}.Release|iPhone.ActiveCfg = Release|x86
		{217A798E-2D37-4E93-AFC6-85ADBAAB0D75}.Release|iPhoneSimulator.ActiveCfg = Release|x86
		{217A798E-2D37-4E93-AFC6-85ADBAAB0D75}.Release|x64.ActiveCfg = Release|x64
		{217A798E-2D37-4E93-AFC6-85ADBAAB0D75}.Release|x64.Build.0 = Release|x64
		{217A798E-2D37-4E93-AFC6-85ADBAAB0D75}.Release|x64.Deploy.0 = Release|x64
		{217A798E-2D37-4E93-AFC6-85ADBAAB0D75}.Release|x86.ActiveCfg = Release|x86
		{217A798E-2D37-4E93-AFC6-85ADBAAB0D75}.Release|x86.Build.0 = Release|x86
		{217A798E-2D37-4E93-AFC6-85ADBAAB0D75}.Release|x86.Deploy.0 = Release|x86
		{0132E405-DCB2-4DC4-82B9-0B629DF0CF77}.Ad-Hoc|Any CPU.ActiveCfg = Release|Any CPU
		{0132E405-DCB2-4DC4-82B9-0B629DF0CF77}.Ad-Hoc|Any CPU.Build.0 = Release|Any CPU
		{0132E405-DCB2-4DC4-82B9-0B629DF0CF77}.Ad-Hoc|Any CPU.Deploy.0 = Release|Any CPU
		{0132E405-DCB2-4DC4-82B9-0B629DF0CF77}.Ad-Hoc|ARM.ActiveCfg = Release|ARM
		{0132E405-DCB2-4DC4-82B9-0B629DF0CF77}.Ad-Hoc|ARM.Build.0 = Release|ARM
		{0132E405-DCB2-4DC4-82B9-0B629DF0CF77}.Ad-Hoc|ARM.Deploy.0 = Release|ARM
		{0132E405-DCB2-4DC4-82B9-0B629DF0CF77}.Ad-Hoc|iPhone.ActiveCfg = Release|Any CPU
		{0132E405-DCB2-4DC4-82B9-0B629DF0CF77}.Ad-Hoc|iPhone.Build.0 = Release|Any CPU
		{0132E405-DCB2-4DC4-82B9-0B629DF0CF77}.Ad-Hoc|iPhone.Deploy.0 = Release|Any CPU
		{0132E405-DCB2-4DC4-82B9-0B629DF0CF77}.Ad-Hoc|iPhoneSimulator.ActiveCfg = Release|Any CPU
		{0132E405-DCB2-4DC4-82B9-0B629DF0CF77}.Ad-Hoc|iPhoneSimulator.Build.0 = Release|Any CPU
		{0132E405-DCB2-4DC4-82B9-0B629DF0CF77}.Ad-Hoc|iPhoneSimulator.Deploy.0 = Release|Any CPU
		{0132E405-DCB2-4DC4-82B9-0B629DF0CF77}.Ad-Hoc|x64.ActiveCfg = Release|x64
		{0132E405-DCB2-4DC4-82B9-0B629DF0CF77}.Ad-Hoc|x64.Build.0 = Release|x64
		{0132E405-DCB2-4DC4-82B9-0B629DF0CF77}.Ad-Hoc|x64.Deploy.0 = Release|x64
		{0132E405-DCB2-4DC4-82B9-0B629DF0CF77}.Ad-Hoc|x86.ActiveCfg = Release|x86
		{0132E405-DCB2-4DC4-82B9-0B629DF0CF77}.Ad-Hoc|x86.Build.0 = Release|x86
		{0132E405-DCB2-4DC4-82B9-0B629DF0CF77}.Ad-Hoc|x86.Deploy.0 = Release|x86
		{0132E405-DCB2-4DC4-82B9-0B629DF0CF77}.AppStore|Any CPU.ActiveCfg = Release|Any CPU
		{0132E405-DCB2-4DC4-82B9-0B629DF0CF77}.AppStore|Any CPU.Build.0 = Release|Any CPU
		{0132E405-DCB2-4DC4-82B9-0B629DF0CF77}.AppStore|Any CPU.Deploy.0 = Release|Any CPU
		{0132E405-DCB2-4DC4-82B9-0B629DF0CF77}.AppStore|ARM.ActiveCfg = Release|ARM
		{0132E405-DCB2-4DC4-82B9-0B629DF0CF77}.AppStore|ARM.Build.0 = Release|ARM
		{0132E405-DCB2-4DC4-82B9-0B629DF0CF77}.AppStore|ARM.Deploy.0 = Release|ARM
		{0132E405-DCB2-4DC4-82B9-0B629DF0CF77}.AppStore|iPhone.ActiveCfg = Release|Any CPU
		{0132E405-DCB2-4DC4-82B9-0B629DF0CF77}.AppStore|iPhone.Build.0 = Release|Any CPU
		{0132E405-DCB2-4DC4-82B9-0B629DF0CF77}.AppStore|iPhone.Deploy.0 = Release|Any CPU
		{0132E405-DCB2-4DC4-82B9-0B629DF0CF77}.AppStore|iPhoneSimulator.ActiveCfg = Release|Any CPU
		{0132E405-DCB2-4DC4-82B9-0B629DF0CF77}.AppStore|iPhoneSimulator.Build.0 = Release|Any CPU
		{0132E405-DCB2-4DC4-82B9-0B629DF0CF77}.AppStore|iPhoneSimulator.Deploy.0 = Release|Any CPU
		{0132E405-DCB2-4DC4-82B9-0B629DF0CF77}.AppStore|x64.ActiveCfg = Release|x64
		{0132E405-DCB2-4DC4-82B9-0B629DF0CF77}.AppStore|x64.Build.0 = Release|x64
		{0132E405-DCB2-4DC4-82B9-0B629DF0CF77}.AppStore|x64.Deploy.0 = Release|x64
		{0132E405-DCB2-4DC4-82B9-0B629DF0CF77}.AppStore|x86.ActiveCfg = Release|x86
		{0132E405-DCB2-4DC4-82B9-0B629DF0CF77}.AppStore|x86.Build.0 = Release|x86
		{0132E405-DCB2-4DC4-82B9-0B629DF0CF77}.AppStore|x86.Deploy.0 = Release|x86
		{0132E405-DCB2-4DC4-82B9-0B629DF0CF77}.Debug|Any CPU.ActiveCfg = Debug|Any CPU
		{0132E405-DCB2-4DC4-82B9-0B629DF0CF77}.Debug|Any CPU.Build.0 = Debug|Any CPU
		{0132E405-DCB2-4DC4-82B9-0B629DF0CF77}.Debug|Any CPU.Deploy.0 = Debug|Any CPU
		{0132E405-DCB2-4DC4-82B9-0B629DF0CF77}.Debug|ARM.ActiveCfg = Debug|ARM
		{0132E405-DCB2-4DC4-82B9-0B629DF0CF77}.Debug|ARM.Build.0 = Debug|ARM
		{0132E405-DCB2-4DC4-82B9-0B629DF0CF77}.Debug|ARM.Deploy.0 = Debug|ARM
		{0132E405-DCB2-4DC4-82B9-0B629DF0CF77}.Debug|iPhone.ActiveCfg = Debug|Any CPU
		{0132E405-DCB2-4DC4-82B9-0B629DF0CF77}.Debug|iPhone.Build.0 = Debug|Any CPU
		{0132E405-DCB2-4DC4-82B9-0B629DF0CF77}.Debug|iPhone.Deploy.0 = Debug|Any CPU
		{0132E405-DCB2-4DC4-82B9-0B629DF0CF77}.Debug|iPhoneSimulator.ActiveCfg = Debug|Any CPU
		{0132E405-DCB2-4DC4-82B9-0B629DF0CF77}.Debug|iPhoneSimulator.Build.0 = Debug|Any CPU
		{0132E405-DCB2-4DC4-82B9-0B629DF0CF77}.Debug|iPhoneSimulator.Deploy.0 = Debug|Any CPU
		{0132E405-DCB2-4DC4-82B9-0B629DF0CF77}.Debug|x64.ActiveCfg = Debug|x64
		{0132E405-DCB2-4DC4-82B9-0B629DF0CF77}.Debug|x64.Build.0 = Debug|x64
		{0132E405-DCB2-4DC4-82B9-0B629DF0CF77}.Debug|x64.Deploy.0 = Debug|x64
		{0132E405-DCB2-4DC4-82B9-0B629DF0CF77}.Debug|x86.ActiveCfg = Debug|x86
		{0132E405-DCB2-4DC4-82B9-0B629DF0CF77}.Debug|x86.Build.0 = Debug|x86
		{0132E405-DCB2-4DC4-82B9-0B629DF0CF77}.Debug|x86.Deploy.0 = Debug|x86
		{0132E405-DCB2-4DC4-82B9-0B629DF0CF77}.Release|Any CPU.ActiveCfg = Release|Any CPU
		{0132E405-DCB2-4DC4-82B9-0B629DF0CF77}.Release|Any CPU.Build.0 = Release|Any CPU
		{0132E405-DCB2-4DC4-82B9-0B629DF0CF77}.Release|Any CPU.Deploy.0 = Release|Any CPU
		{0132E405-DCB2-4DC4-82B9-0B629DF0CF77}.Release|ARM.ActiveCfg = Release|ARM
		{0132E405-DCB2-4DC4-82B9-0B629DF0CF77}.Release|ARM.Build.0 = Release|ARM
		{0132E405-DCB2-4DC4-82B9-0B629DF0CF77}.Release|ARM.Deploy.0 = Release|ARM
		{0132E405-DCB2-4DC4-82B9-0B629DF0CF77}.Release|iPhone.ActiveCfg = Release|Any CPU
		{0132E405-DCB2-4DC4-82B9-0B629DF0CF77}.Release|iPhone.Build.0 = Release|Any CPU
		{0132E405-DCB2-4DC4-82B9-0B629DF0CF77}.Release|iPhone.Deploy.0 = Release|Any CPU
		{0132E405-DCB2-4DC4-82B9-0B629DF0CF77}.Release|iPhoneSimulator.ActiveCfg = Release|Any CPU
		{0132E405-DCB2-4DC4-82B9-0B629DF0CF77}.Release|iPhoneSimulator.Build.0 = Release|Any CPU
		{0132E405-DCB2-4DC4-82B9-0B629DF0CF77}.Release|iPhoneSimulator.Deploy.0 = Release|Any CPU
		{0132E405-DCB2-4DC4-82B9-0B629DF0CF77}.Release|x64.ActiveCfg = Release|x64
		{0132E405-DCB2-4DC4-82B9-0B629DF0CF77}.Release|x64.Build.0 = Release|x64
		{0132E405-DCB2-4DC4-82B9-0B629DF0CF77}.Release|x64.Deploy.0 = Release|x64
		{0132E405-DCB2-4DC4-82B9-0B629DF0CF77}.Release|x86.ActiveCfg = Release|x86
		{0132E405-DCB2-4DC4-82B9-0B629DF0CF77}.Release|x86.Build.0 = Release|x86
		{0132E405-DCB2-4DC4-82B9-0B629DF0CF77}.Release|x86.Deploy.0 = Release|x86
		{21E3EC13-8FC4-49A7-9A4C-EE14F6CB24F3}.Ad-Hoc|Any CPU.ActiveCfg = Release|Any CPU
		{21E3EC13-8FC4-49A7-9A4C-EE14F6CB24F3}.Ad-Hoc|Any CPU.Build.0 = Release|Any CPU
		{21E3EC13-8FC4-49A7-9A4C-EE14F6CB24F3}.Ad-Hoc|ARM.ActiveCfg = Release|Any CPU
		{21E3EC13-8FC4-49A7-9A4C-EE14F6CB24F3}.Ad-Hoc|ARM.Build.0 = Release|Any CPU
		{21E3EC13-8FC4-49A7-9A4C-EE14F6CB24F3}.Ad-Hoc|iPhone.ActiveCfg = Release|Any CPU
		{21E3EC13-8FC4-49A7-9A4C-EE14F6CB24F3}.Ad-Hoc|iPhone.Build.0 = Release|Any CPU
		{21E3EC13-8FC4-49A7-9A4C-EE14F6CB24F3}.Ad-Hoc|iPhoneSimulator.ActiveCfg = Release|Any CPU
		{21E3EC13-8FC4-49A7-9A4C-EE14F6CB24F3}.Ad-Hoc|iPhoneSimulator.Build.0 = Release|Any CPU
		{21E3EC13-8FC4-49A7-9A4C-EE14F6CB24F3}.Ad-Hoc|x64.ActiveCfg = Release|Any CPU
		{21E3EC13-8FC4-49A7-9A4C-EE14F6CB24F3}.Ad-Hoc|x64.Build.0 = Release|Any CPU
		{21E3EC13-8FC4-49A7-9A4C-EE14F6CB24F3}.Ad-Hoc|x86.ActiveCfg = Release|Any CPU
		{21E3EC13-8FC4-49A7-9A4C-EE14F6CB24F3}.Ad-Hoc|x86.Build.0 = Release|Any CPU
		{21E3EC13-8FC4-49A7-9A4C-EE14F6CB24F3}.AppStore|Any CPU.ActiveCfg = Release|Any CPU
		{21E3EC13-8FC4-49A7-9A4C-EE14F6CB24F3}.AppStore|Any CPU.Build.0 = Release|Any CPU
		{21E3EC13-8FC4-49A7-9A4C-EE14F6CB24F3}.AppStore|ARM.ActiveCfg = Release|Any CPU
		{21E3EC13-8FC4-49A7-9A4C-EE14F6CB24F3}.AppStore|ARM.Build.0 = Release|Any CPU
		{21E3EC13-8FC4-49A7-9A4C-EE14F6CB24F3}.AppStore|iPhone.ActiveCfg = Release|Any CPU
		{21E3EC13-8FC4-49A7-9A4C-EE14F6CB24F3}.AppStore|iPhone.Build.0 = Release|Any CPU
		{21E3EC13-8FC4-49A7-9A4C-EE14F6CB24F3}.AppStore|iPhoneSimulator.ActiveCfg = Release|Any CPU
		{21E3EC13-8FC4-49A7-9A4C-EE14F6CB24F3}.AppStore|iPhoneSimulator.Build.0 = Release|Any CPU
		{21E3EC13-8FC4-49A7-9A4C-EE14F6CB24F3}.AppStore|x64.ActiveCfg = Release|Any CPU
		{21E3EC13-8FC4-49A7-9A4C-EE14F6CB24F3}.AppStore|x64.Build.0 = Release|Any CPU
		{21E3EC13-8FC4-49A7-9A4C-EE14F6CB24F3}.AppStore|x86.ActiveCfg = Release|Any CPU
		{21E3EC13-8FC4-49A7-9A4C-EE14F6CB24F3}.AppStore|x86.Build.0 = Release|Any CPU
		{21E3EC13-8FC4-49A7-9A4C-EE14F6CB24F3}.Debug|Any CPU.ActiveCfg = Debug|Any CPU
		{21E3EC13-8FC4-49A7-9A4C-EE14F6CB24F3}.Debug|Any CPU.Build.0 = Debug|Any CPU
		{21E3EC13-8FC4-49A7-9A4C-EE14F6CB24F3}.Debug|ARM.ActiveCfg = Debug|Any CPU
		{21E3EC13-8FC4-49A7-9A4C-EE14F6CB24F3}.Debug|ARM.Build.0 = Debug|Any CPU
		{21E3EC13-8FC4-49A7-9A4C-EE14F6CB24F3}.Debug|iPhone.ActiveCfg = Debug|Any CPU
		{21E3EC13-8FC4-49A7-9A4C-EE14F6CB24F3}.Debug|iPhone.Build.0 = Debug|Any CPU
		{21E3EC13-8FC4-49A7-9A4C-EE14F6CB24F3}.Debug|iPhoneSimulator.ActiveCfg = Debug|Any CPU
		{21E3EC13-8FC4-49A7-9A4C-EE14F6CB24F3}.Debug|iPhoneSimulator.Build.0 = Debug|Any CPU
		{21E3EC13-8FC4-49A7-9A4C-EE14F6CB24F3}.Debug|x64.ActiveCfg = Debug|Any CPU
		{21E3EC13-8FC4-49A7-9A4C-EE14F6CB24F3}.Debug|x64.Build.0 = Debug|Any CPU
		{21E3EC13-8FC4-49A7-9A4C-EE14F6CB24F3}.Debug|x86.ActiveCfg = Debug|Any CPU
		{21E3EC13-8FC4-49A7-9A4C-EE14F6CB24F3}.Debug|x86.Build.0 = Debug|Any CPU
		{21E3EC13-8FC4-49A7-9A4C-EE14F6CB24F3}.Release|Any CPU.ActiveCfg = Release|Any CPU
		{21E3EC13-8FC4-49A7-9A4C-EE14F6CB24F3}.Release|Any CPU.Build.0 = Release|Any CPU
		{21E3EC13-8FC4-49A7-9A4C-EE14F6CB24F3}.Release|ARM.ActiveCfg = Release|Any CPU
		{21E3EC13-8FC4-49A7-9A4C-EE14F6CB24F3}.Release|ARM.Build.0 = Release|Any CPU
		{21E3EC13-8FC4-49A7-9A4C-EE14F6CB24F3}.Release|iPhone.ActiveCfg = Release|Any CPU
		{21E3EC13-8FC4-49A7-9A4C-EE14F6CB24F3}.Release|iPhone.Build.0 = Release|Any CPU
		{21E3EC13-8FC4-49A7-9A4C-EE14F6CB24F3}.Release|iPhoneSimulator.ActiveCfg = Release|Any CPU
		{21E3EC13-8FC4-49A7-9A4C-EE14F6CB24F3}.Release|iPhoneSimulator.Build.0 = Release|Any CPU
		{21E3EC13-8FC4-49A7-9A4C-EE14F6CB24F3}.Release|x64.ActiveCfg = Release|Any CPU
		{21E3EC13-8FC4-49A7-9A4C-EE14F6CB24F3}.Release|x64.Build.0 = Release|Any CPU
		{21E3EC13-8FC4-49A7-9A4C-EE14F6CB24F3}.Release|x86.ActiveCfg = Release|Any CPU
		{21E3EC13-8FC4-49A7-9A4C-EE14F6CB24F3}.Release|x86.Build.0 = Release|Any CPU
	EndGlobalSection
	GlobalSection(SolutionProperties) = preSolution
		HideSolutionNode = FALSE
	EndGlobalSection
EndGlobal
